[[dependencies]]
name = "balancer-v2"
version = "1.0.0"
url = "https://github.com/balancer/balancer-v2-monorepo/archive/df3e08ed1adc0cac85c3a193bbe8e14b2a120f9a.zip"
checksum = "13df466ef714b8ed32ce1b86048fcc0450d196d0c65d63d13a5bfdaa3e47f48a"
integrity = "a4b9b8765e550f46b4f00f594caaedbe9656c5073e4e522aaca14d1666a88401"

[[dependencies]]
name = "stakewise-v3-core"
version = "v3.0.0"
url = "https://github.com/stakewise/v3-core/archive/refs/tags/v3.0.0.zip"
checksum = "fd8c1f7ce55e20d51d42cd03f684c382b81bff1374ff55a8e33df87bcda4b7b3"
integrity = "d6163f590c689637fcbff2494fcc28c767bc41e9fa6e6d7c1d395fd1dc2b009d"
